
Microsoft Visual Studio Solution File, Format Version 12.00
# Visual Studio Version 17
VisualStudioVersion = 17.5.002.0
MinimumVisualStudioVersion = 10.0.40219.1
Project("{9A19103F-16F7-4668-BE54-9A1E7A4F7556}") = "dotnet-para-iniciantes", "dotnet-para-iniciantes.csproj", "{74183789-FEFA-442A-A425-380A804655A7}"
EndProject
Global
	GlobalSection(SolutionConfigurationPlatforms) = preSolution
		Debug|Any CPU = Debug|Any CPU
		Release|Any CPU = Release|Any CPU
	EndGlobalSection
	GlobalSection(ProjectConfigurationPlatforms) = postSolution
		{74183789-FEFA-442A-A425-380A804655A7}.Debug|Any CPU.ActiveCfg = Debug|Any CPU
		{74183789-FEFA-442A-A425-380A804655A7}.Debug|Any CPU.Build.0 = Debug|Any CPU
		{74183789-FEFA-442A-A425-380A804655A7}.Release|Any CPU.ActiveCfg = Release|Any CPU
		{74183789-FEFA-442A-A425-380A804655A7}.Release|Any CPU.Build.0 = Release|Any CPU
	EndGlobalSection
	GlobalSection(SolutionProperties) = preSolution
		HideSolutionNode = FALSE
	EndGlobalSection
	GlobalSection(ExtensibilityGlobals) = postSolution
		SolutionGuid = {DAA168A9-EA38-4BA4-996A-666935B88768}
	EndGlobalSection
EndGlobal
